
Microsoft Visual Studio Solution File, Format Version 12.00
# Visual Studio 15
VisualStudioVersion = 15.0.28307.329
MinimumVisualStudioVersion = 10.0.40219.1
Project("{9A19103F-16F7-4668-BE54-9A1E7A4F7556}") = "IOTConnect.Domain", "IOTConnect.Domain\IOTConnect.Domain.csproj", "{F76A3D0B-C94C-4B44-A496-041A8312A79A}"
EndProject
Project("{9A19103F-16F7-4668-BE54-9A1E7A4F7556}") = "IOTConnect.Services", "IOTConnect.Services\IOTConnect.Services.csproj", "{BFC8123B-3C14-4635-A48B-5A93CEDEADED}"
EndProject
Project("{9A19103F-16F7-4668-BE54-9A1E7A4F7556}") = "IOTConnect.Persistence", "IOTConnect.Persistence\IOTConnect.Persistence.csproj", "{64C8FDF5-247C-44AF-85CE-66DF1286044B}"
EndProject
Project("{9A19103F-16F7-4668-BE54-9A1E7A4F7556}") = "MSTests", "MSTests\MSTests.csproj", "{E05FB7D4-D214-464C-AF39-CC201F3172F1}"
EndProject
Project("{9A19103F-16F7-4668-BE54-9A1E7A4F7556}") = "IOTConnect.WebAPI", "IOTConnect.WebAPI\IOTConnect.WebAPI.csproj", "{90540D0D-8E10-4F94-837D-464B4C0B77DA}"
EndProject
Project("{FAE04EC0-301F-11D3-BF4B-00C04F79EFBC}") = "IOTConnect.Application", "IOTConnect.Application\IOTConnect.Application.csproj", "{6FCAAE8B-52FF-408E-B205-6A02D476B12E}"
EndProject
Global
	GlobalSection(SolutionConfigurationPlatforms) = preSolution
		Debug|Any CPU = Debug|Any CPU
		Release|Any CPU = Release|Any CPU
	EndGlobalSection
	GlobalSection(ProjectConfigurationPlatforms) = postSolution
		{F76A3D0B-C94C-4B44-A496-041A8312A79A}.Debug|Any CPU.ActiveCfg = Debug|Any CPU
		{F76A3D0B-C94C-4B44-A496-041A8312A79A}.Debug|Any CPU.Build.0 = Debug|Any CPU
		{F76A3D0B-C94C-4B44-A496-041A8312A79A}.Release|Any CPU.ActiveCfg = Release|Any CPU
		{F76A3D0B-C94C-4B44-A496-041A8312A79A}.Release|Any CPU.Build.0 = Release|Any CPU
		{BFC8123B-3C14-4635-A48B-5A93CEDEADED}.Debug|Any CPU.ActiveCfg = Debug|Any CPU
		{BFC8123B-3C14-4635-A48B-5A93CEDEADED}.Debug|Any CPU.Build.0 = Debug|Any CPU
		{BFC8123B-3C14-4635-A48B-5A93CEDEADED}.Release|Any CPU.ActiveCfg = Release|Any CPU
		{BFC8123B-3C14-4635-A48B-5A93CEDEADED}.Release|Any CPU.Build.0 = Release|Any CPU
		{64C8FDF5-247C-44AF-85CE-66DF1286044B}.Debug|Any CPU.ActiveCfg = Debug|Any CPU
		{64C8FDF5-247C-44AF-85CE-66DF1286044B}.Debug|Any CPU.Build.0 = Debug|Any CPU
		{64C8FDF5-247C-44AF-85CE-66DF1286044B}.Release|Any CPU.ActiveCfg = Release|Any CPU
		{64C8FDF5-247C-44AF-85CE-66DF1286044B}.Release|Any CPU.Build.0 = Release|Any CPU
		{E05FB7D4-D214-464C-AF39-CC201F3172F1}.Debug|Any CPU.ActiveCfg = Debug|Any CPU
		{E05FB7D4-D214-464C-AF39-CC201F3172F1}.Debug|Any CPU.Build.0 = Debug|Any CPU
		{E05FB7D4-D214-464C-AF39-CC201F3172F1}.Release|Any CPU.ActiveCfg = Release|Any CPU
		{E05FB7D4-D214-464C-AF39-CC201F3172F1}.Release|Any CPU.Build.0 = Release|Any CPU
		{90540D0D-8E10-4F94-837D-464B4C0B77DA}.Debug|Any CPU.ActiveCfg = Debug|Any CPU
		{90540D0D-8E10-4F94-837D-464B4C0B77DA}.Debug|Any CPU.Build.0 = Debug|Any CPU
		{90540D0D-8E10-4F94-837D-464B4C0B77DA}.Release|Any CPU.ActiveCfg = Release|Any CPU
		{90540D0D-8E10-4F94-837D-464B4C0B77DA}.Release|Any CPU.Build.0 = Release|Any CPU
		{6FCAAE8B-52FF-408E-B205-6A02D476B12E}.Debug|Any CPU.ActiveCfg = Debug|Any CPU
		{6FCAAE8B-52FF-408E-B205-6A02D476B12E}.Debug|Any CPU.Build.0 = Debug|Any CPU
		{6FCAAE8B-52FF-408E-B205-6A02D476B12E}.Release|Any CPU.ActiveCfg = Release|Any CPU
		{6FCAAE8B-52FF-408E-B205-6A02D476B12E}.Release|Any CPU.Build.0 = Release|Any CPU
	EndGlobalSection
	GlobalSection(SolutionProperties) = preSolution
		HideSolutionNode = FALSE
	EndGlobalSection
	GlobalSection(ExtensibilityGlobals) = postSolution
		SolutionGuid = {E97EF95E-B5C7-45CC-9E5C-1F245252801A}
	EndGlobalSection
EndGlobal
